[[package]]
category = "dev"
description = "An abstract syntax tree for Python with inference support."
name = "astroid"
optional = false
python-versions = ">=3.4.*"
version = "2.2.5"

[package.dependencies]
lazy-object-proxy = "*"
six = "*"
typed-ast = ">=1.3.0"
wrapt = "*"

[[package]]
category = "dev"
description = "Atomic file writes."
name = "atomicwrites"
optional = false
python-versions = ">=2.7, !=3.0.*, !=3.1.*, !=3.2.*, !=3.3.*"
version = "1.3.0"

[[package]]
category = "main"
description = "Classes Without Boilerplate"
name = "attrs"
optional = false
python-versions = ">=2.7, !=3.0.*, !=3.1.*, !=3.2.*, !=3.3.*"
version = "19.1.0"

[[package]]
category = "dev"
description = "Boolean operations on paths."
name = "booleanoperations"
optional = false
python-versions = "*"
version = "0.8.2"

[package.dependencies]
fonttools = ">=3.32.0"
pyclipper = ">=1.0.5"

[[package]]
category = "main"
description = "Composable complex class support for attrs."
name = "cattrs"
optional = false
python-versions = "*"
version = "0.9.0"

[package.dependencies]
attrs = ">=17.3"

[[package]]
category = "dev"
description = "Cross-platform colored terminal text."
marker = "sys_platform == \"win32\""
name = "colorama"
optional = false
python-versions = ">=2.7, !=3.0.*, !=3.1.*, !=3.2.*, !=3.3.*"
version = "0.4.1"

[[package]]
category = "dev"
description = "A CFF subroutinizer for fontTools."
name = "compreffor"
optional = false
python-versions = "*"
version = "0.4.6.post1"

[package.dependencies]
fonttools = ">=3.1"

[[package]]
category = "dev"
description = "Code coverage measurement for Python"
name = "coverage"
optional = false
python-versions = ">=2.6, !=3.0.*, !=3.1.*, !=3.2.*, <4"
version = "4.5.4"

[[package]]
category = "dev"
description = "Cubic-to-quadratic bezier curve conversion"
name = "cu2qu"
optional = false
python-versions = "*"
version = "1.6.5"

[package.dependencies]
fonttools = ">=3.32.0"

[[package]]
category = "dev"
description = "A set of flexible objects for representing UFO data."
name = "defcon"
optional = false
python-versions = "*"
version = "0.6.0"

[package.dependencies]
fonttools = ">=3.31.0"

[[package]]
category = "main"
description = "Tools to manipulate font files"
name = "fonttools"
optional = false
python-versions = "*"
version = "3.44.0"

[[package]]
category = "dev"
description = "Read metadata from Python packages"
name = "importlib-metadata"
optional = false
python-versions = ">=2.7,!=3.0,!=3.1,!=3.2,!=3.3"
version = "0.19"

[package.dependencies]
zipp = ">=0.5"

[[package]]
category = "dev"
description = "A Python utility / library to sort Python imports."
name = "isort"
optional = false
python-versions = ">=2.7, !=3.0.*, !=3.1.*, !=3.2.*, !=3.3.*"
version = "4.3.21"

[[package]]
category = "dev"
description = "A fast and thorough lazy object proxy."
name = "lazy-object-proxy"
optional = false
python-versions = ">=2.7, !=3.0.*, !=3.1.*, !=3.2.*, !=3.3.*"
version = "1.4.2"

[[package]]
category = "dev"
description = "McCabe checker, plugin for flake8"
name = "mccabe"
optional = false
python-versions = "*"
version = "0.6.1"

[[package]]
category = "dev"
description = "More routines for operating on iterables, beyond itertools"
name = "more-itertools"
optional = false
python-versions = ">=3.4"
version = "7.2.0"

[[package]]
category = "dev"
description = "Optional static typing for Python"
name = "mypy"
optional = false
python-versions = "*"
version = "0.720"

[package.dependencies]
mypy-extensions = ">=0.4.0,<0.5.0"
typed-ast = ">=1.4.0,<1.5.0"
typing-extensions = ">=3.7.4"

[[package]]
category = "dev"
description = "Experimental type system extensions for programs checked with the mypy typechecker."
name = "mypy-extensions"
optional = false
python-versions = "*"
version = "0.4.1"

[[package]]
category = "dev"
description = "Core utilities for Python packages"
name = "packaging"
optional = false
python-versions = ">=2.7, !=3.0.*, !=3.1.*, !=3.2.*, !=3.3.*"
version = "19.1"

[package.dependencies]
attrs = "*"
pyparsing = ">=2.0.2"
six = "*"

[[package]]
category = "dev"
description = "plugin and hook calling mechanisms for python"
name = "pluggy"
optional = false
python-versions = ">=2.7, !=3.0.*, !=3.1.*, !=3.2.*, !=3.3.*"
version = "0.12.0"

[package.dependencies]
importlib-metadata = ">=0.12"

[[package]]
category = "dev"
description = "library with cross-python path, ini-parsing, io, code, log facilities"
name = "py"
optional = false
python-versions = ">=2.7, !=3.0.*, !=3.1.*, !=3.2.*, !=3.3.*"
version = "1.8.0"

[[package]]
category = "dev"
description = "Cython wrapper for the C++ translation of the Angus Johnson's Clipper library (ver. 6.4.2)"
name = "pyclipper"
optional = false
python-versions = "*"
version = "1.1.0.post1"

[[package]]
category = "dev"
description = "python code static checker"
name = "pylint"
optional = false
python-versions = ">=3.4.*"
version = "2.3.1"

[package.dependencies]
astroid = ">=2.2.0,<3"
colorama = "*"
isort = ">=4.2.5,<5"
mccabe = ">=0.6,<0.7"

[[package]]
category = "dev"
description = "Python parsing module"
name = "pyparsing"
optional = false
python-versions = ">=2.6, !=3.0.*, !=3.1.*, !=3.2.*"
version = "2.4.2"

[[package]]
category = "dev"
description = "pytest: simple powerful testing with Python"
name = "pytest"
optional = false
python-versions = ">=3.5"
version = "5.1.1"

[package.dependencies]
atomicwrites = ">=1.0"
attrs = ">=17.4.0"
colorama = "*"
more-itertools = ">=4.0.0"
packaging = "*"
pluggy = ">=0.12,<1.0"
py = ">=1.5.0"
wcwidth = "*"

[package.dependencies.importlib-metadata]
python = "<3.8"
version = ">=0.12"

[[package]]
category = "dev"
description = "Pytest plugin for measuring coverage."
name = "pytest-cov"
optional = false
python-versions = ">=2.7, !=3.0.*, !=3.1.*, !=3.2.*, !=3.3.*"
version = "2.7.1"

[package.dependencies]
coverage = ">=4.4"
pytest = ">=3.6"

[[package]]
category = "dev"
description = "Python 2 and 3 compatibility utilities"
name = "six"
optional = false
python-versions = ">=2.6, !=3.0.*, !=3.1.*"
version = "1.12.0"

[[package]]
category = "dev"
description = "a fork of Python 2 and 3 ast modules with type comment support"
name = "typed-ast"
optional = false
python-versions = "*"
version = "1.4.0"

[[package]]
category = "dev"
description = "Type Hints for Python"
name = "typing"
optional = false
python-versions = "*"
version = "3.7.4"

[[package]]
category = "dev"
description = "Backported and Experimental Type Hints for Python 3.5+"
name = "typing-extensions"
optional = false
python-versions = "*"
version = "3.7.4"

[package.dependencies]
typing = ">=3.7.4"

[[package]]
category = "dev"
description = "A bridge between UFOs and FontTools."
name = "ufo2ft"
optional = false
python-versions = "*"
version = "2.9.1"

[package.dependencies]
booleanOperations = ">=0.8.2"
compreffor = ">=0.4.6"
cu2qu = ">=1.6.5"
defcon = ">=0.6.0"
fonttools = ">=3.43.0"

[[package]]
category = "dev"
description = "ufoLib2 is a UFO font library."
name = "ufolib2"
optional = false
python-versions = ">=3.6"
version = "0.4.0"

[package.dependencies]
attrs = ">=18.2.0"
fonttools = ">=3.34.0"

[[package]]
category = "dev"
description = "Measures number of Terminal column cells of wide-character codes"
name = "wcwidth"
optional = false
python-versions = "*"
version = "0.1.7"

[[package]]
category = "dev"
description = "Module for decorators, wrappers and monkey patching."
name = "wrapt"
optional = false
python-versions = "*"
version = "1.11.2"

[[package]]
category = "dev"
description = "Backport of pathlib-compatible object wrapper for zip files"
name = "zipp"
optional = false
python-versions = ">=2.7"
version = "0.5.2"

[metadata]
content-hash = "2d03b2f773ca1c58ef5ab2b6b09f94a51900081ca59dea3b484daa8b2be7c22c"
python-versions = "^3.6"

[metadata.hashes]
astroid = ["6560e1e1749f68c64a4b5dee4e091fce798d2f0d84ebe638cf0e0585a343acf4", "b65db1bbaac9f9f4d190199bb8680af6f6f84fd3769a5ea883df8a91fe68b4c4"]
atomicwrites = ["03472c30eb2c5d1ba9227e4c2ca66ab8287fbfbbda3888aa93dc2e28fc6811b4", "75a9445bac02d8d058d5e1fe689654ba5a6556a1dfd8ce6ec55a0ed79866cfa6"]
attrs = ["69c0dbf2ed392de1cb5ec704444b08a5ef81680a61cb899dc08127123af36a79", "f0b870f674851ecbfbbbd364d6b5cbdff9dcedbc7f3f5e18a6891057f21fe399"]
booleanoperations = ["1750def605e53ca13cf45fedd31b360d241cc6082523e4b71d86c72dd3e9bc8a", "5163839dfe337ff7e30e80feee47a82a9720c972b5ae7779118aa995c30d731b"]
cattrs = ["2232a568e079f30601de63839f4101283cb594c8719f5311bede25f89d0e09b7", "f1215991553dfa7623ce15861663153348e675c1f316095affef473c804116ba"]
colorama = ["05eed71e2e327246ad6b38c540c4a3117230b19679b875190486ddd2d721422d", "f8ac84de7840f5b9c4e3347b3c1eaa50f7e49c2b07596221daec5edaabbd7c48"]
compreffor = ["115e4482a7c6cc38875d912f6174a33325c0dd897b3a16fec9b691c6ab930dd7", "1514e847ccb7ddedfd737a5b4d9288d2373c487ba442df831b53da20b63eca8c", "1d920117959f0b1ffd139a750f7871290094047d12aa8d2511522c9054e54a2d", "1ef625b544f334ed9e499a7ded0a0f9dfc540ed4c2d97648281d0438981fbd26", "2f7f0252022819add4d9d4ff61de0cb3aa798c029715cdf165cea2f4389d9eee", "341a5f4e98651ad78833df37cc6ac7551a6c402708642928faf36812ed362c77", "3a0d9d58aa52388231b06c82c6179742b5489e7505c22814c727de2515cb13ec", "5263d09b9d77a3778a5e912dcf1ec83a380ba1fe2b9677891f02f6fd82859a01", "682c5bbd3ce0dc0113d04ef82479a1c8e70c4b59c17be30ba7075f7435696362", "6e3027d0247f3c52dbda7bce1143c9e2c7aa4a496c8e0d76d7dc424bfc9a6749", "6e53a103b89c3f33e173cc1485652b96a7064438bce7efae571ff5c29312eefb", "7056beebec3a64b47300bbcddbf93f3fa6e0d5258767c4b6ea2fdd0cee13ec87", "70cec399f09f506ac25c3b9d5c5f05a12c2f921aeab12dbe273df2f9b0441f7b", "71e053c6c2227016d6c87bc246d97ad30a91f5f2f63e09a1a0fbab18af425cde", "778f7ca8e8584dc20153e9823d4384a5651d33b416d38e25e2288e8be1a243d2", "7a94115e4ff16657f9e869a4131f5567cc28732a0b8fae3e18eb669d4b17f9ec", "9cc069bef16cd95ca8e500dfd75a5308cb63265ad38e407e45a0dad86a3756e6", "9d50df4cae35e1308163654b9b693abb859252d3affd181abb435c579f3fbb5d", "b521d33dedd3dc92fe434de96e5e73beed646c752cbf977d9f6cb2030d89b408", "c3e2bb069aba38a0f519f6359530d2ddddcc39f0367abc805b7464360567c695", "c7635ea46ea2c3811535d1a41f41d41064d0155261c356709aadf4c2ed0e734e", "d82f43c5fa02884ea79a348a43b8f2d7d3a1f5c50b04f9fd739dff10c8d6a99b", "e845e763c273a05ecfab5d30e479a9b1ce268c5e3c123a884927ca2ad85b284c"]
coverage = ["08907593569fe59baca0bf152c43f3863201efb6113ecb38ce7e97ce339805a6", "0be0f1ed45fc0c185cfd4ecc19a1d6532d72f86a2bac9de7e24541febad72650", "141f08ed3c4b1847015e2cd62ec06d35e67a3ac185c26f7635f4406b90afa9c5", "19e4df788a0581238e9390c85a7a09af39c7b539b29f25c89209e6c3e371270d", "23cc09ed395b03424d1ae30dcc292615c1372bfba7141eb85e11e50efaa6b351", "245388cda02af78276b479f299bbf3783ef0a6a6273037d7c60dc73b8d8d7755", "331cb5115673a20fb131dadd22f5bcaf7677ef758741312bee4937d71a14b2ef", "386e2e4090f0bc5df274e720105c342263423e77ee8826002dcffe0c9533dbca", "3a794ce50daee01c74a494919d5ebdc23d58873747fa0e288318728533a3e1ca", "60851187677b24c6085248f0a0b9b98d49cba7ecc7ec60ba6b9d2e5574ac1ee9", "63a9a5fc43b58735f65ed63d2cf43508f462dc49857da70b8980ad78d41d52fc", "6b62544bb68106e3f00b21c8930e83e584fdca005d4fffd29bb39fb3ffa03cb5", "6ba744056423ef8d450cf627289166da65903885272055fb4b5e113137cfa14f", "7494b0b0274c5072bddbfd5b4a6c6f18fbbe1ab1d22a41e99cd2d00c8f96ecfe", "826f32b9547c8091679ff292a82aca9c7b9650f9fda3e2ca6bf2ac905b7ce888", "93715dffbcd0678057f947f496484e906bf9509f5c1c38fc9ba3922893cda5f5", "9a334d6c83dfeadae576b4d633a71620d40d1c379129d587faa42ee3e2a85cce", "af7ed8a8aa6957aac47b4268631fa1df984643f07ef00acd374e456364b373f5", "bf0a7aed7f5521c7ca67febd57db473af4762b9622254291fbcbb8cd0ba5e33e", "bf1ef9eb901113a9805287e090452c05547578eaab1b62e4ad456fcc049a9b7e", "c0afd27bc0e307a1ffc04ca5ec010a290e49e3afbe841c5cafc5c5a80ecd81c9", "dd579709a87092c6dbee09d1b7cfa81831040705ffa12a1b248935274aee0437", "df6712284b2e44a065097846488f66840445eb987eb81b3cc6e4149e7b6982e1", "e07d9f1a23e9e93ab5c62902833bf3e4b1f65502927379148b6622686223125c", "e2ede7c1d45e65e209d6093b762e98e8318ddeff95317d07a27a2140b80cfd24", "e4ef9c164eb55123c62411f5936b5c2e521b12356037b6e1c2617cef45523d47", "eca2b7343524e7ba246cab8ff00cab47a2d6d54ada3b02772e908a45675722e2", "eee64c616adeff7db37cc37da4180a3a5b6177f5c46b187894e633f088fb5b28", "ef824cad1f980d27f26166f86856efe11eff9912c4fed97d3804820d43fa550c", "efc89291bd5a08855829a3c522df16d856455297cf35ae827a37edac45f466a7", "fa964bae817babece5aa2e8c1af841bebb6d0b9add8e637548809d040443fee0", "ff37757e068ae606659c28c3bd0d923f9d29a85de79bf25b2b34b148473b5025"]
cu2qu = ["01a70624163b1a73792ef0f585b614e71e5c4885d06f545aebae85202f71ba62", "0ff0161a4dbc4d84d1d38a17647332d304fbbb0f4536677ce83257d5921ad3fd", "1ee2503516892af930b96fdc1176151314387a015b6af897bd6fa456084260cc", "309d40e11702034f3c6770db20be11712a26d2e2911e436ac1ecb1769f3024d6", "321b62d398c6c39507acc223315b845a54c255ae7c4190289e2584a655b5e160", "4b3bc12761c6ac5cfa3cc95babde8cbec5cd0041bc311a33f403efd7765d8cad", "57ed7856ee520df2cf10e288dbaeba2f9e54da918c12f2ac83d164055067295a", "6bf3dbd5daa5c3ec5e1d6efb1eed36ed2563304398d2100424b673de9f64fd79", "77fa964432afbc7501d60246b87a82de2cf99711eabb60121ce14dcf99f300f9", "7a2f024e3a01fdba1a85290a0d7141abd8a375af80fb178d2412c1cf1e3f86df", "92e8db2338bde72df830556afb5d33cbd3c052c197b3262856646ff2308a2d0e", "b3b4a0d80798489906ca503c4a7a749e0a360670aa2f10f21dd01682e37b8293", "c9197aa2471112c2a7c87c8b509d81ca0daaadbe77a73ba6e0e9a72be3f58f20", "d6727edac77b2d8d3e56b04fe3237c089c2b151db03d6ee777cbb163c52c1c0a", "f10cd6088b7ee83b1a8f7eca886f4355e2152b47432a8e4e7b05eb6390cc7db4", "f3050119434c15cf47896fc50fd9ff2f46f18db3ada31fd8a9c996f456879c24", "f68bfc3c75dfa77dce9813671c86fe1bda2ed0e732dd5818566193097f038e74", "ffc205cc5895c8a39563c63dd9b215345014aff2877155e9a33ee48408dbc352"]
defcon = ["52e461961b4b68ae6883f8a14a0d82f2d09f2de7a526b95c7d1b195c10ca745f", "e057303d188f1a0961a0c70eebdedceac7fe11e6cd30421324bb7ee33cfcd614"]
fonttools = ["5b2830a3dbe3a3a60e74203bd86860af05fca80e94c6a9910b83fbba099a475a", "b72cc654e07219d8d7d8c624d1af13cec6f6cc2a51189f8385c295725e4ac36c"]
importlib-metadata = ["23d3d873e008a513952355379d93cbcab874c58f4f034ff657c7a87422fa64e8", "80d2de76188eabfbfcf27e6a37342c2827801e59c4cc14b0371c56fed43820e3"]
isort = ["54da7e92468955c4fceacd0c86bd0ec997b0e1ee80d97f67c35a78b719dccab1", "6e811fcb295968434526407adb8796944f1988c5b65e8139058f2014cbe100fd"]
lazy-object-proxy = ["02b260c8deb80db09325b99edf62ae344ce9bc64d68b7a634410b8e9a568edbf", "18f9c401083a4ba6e162355873f906315332ea7035803d0fd8166051e3d402e3", "1f2c6209a8917c525c1e2b55a716135ca4658a3042b5122d4e3413a4030c26ce", "2f06d97f0ca0f414f6b707c974aaf8829c2292c1c497642f63824119d770226f", "616c94f8176808f4018b39f9638080ed86f96b55370b5a9463b2ee5c926f6c5f", "63b91e30ef47ef68a30f0c3c278fbfe9822319c15f34b7538a829515b84ca2a0", "77b454f03860b844f758c5d5c6e5f18d27de899a3db367f4af06bec2e6013a8e", "83fe27ba321e4cfac466178606147d3c0aa18e8087507caec78ed5a966a64905", "84742532d39f72df959d237912344d8a1764c2d03fe58beba96a87bfa11a76d8", "874ebf3caaf55a020aeb08acead813baf5a305927a71ce88c9377970fe7ad3c2", "9f5caf2c7436d44f3cec97c2fa7791f8a675170badbfa86e1992ca1b84c37009", "a0c8758d01fcdfe7ae8e4b4017b13552efa7f1197dd7358dc9da0576f9d0328a", "a4def978d9d28cda2d960c279318d46b327632686d82b4917516c36d4c274512", "ad4f4be843dace866af5fc142509e9b9817ca0c59342fdb176ab6ad552c927f5", "ae33dd198f772f714420c5ab698ff05ff900150486c648d29951e9c70694338e", "b4a2b782b8a8c5522ad35c93e04d60e2ba7f7dcb9271ec8e8c3e08239be6c7b4", "c462eb33f6abca3b34cdedbe84d761f31a60b814e173b98ede3c81bb48967c4f", "fd135b8d35dfdcdb984828c84d695937e58cc5f49e1c854eb311c4d6aa03f4f1"]
mccabe = ["ab8a6258860da4b6677da4bd2fe5dc2c659cff31b3ee4f7f5d64e79735b80d42", "dd8d182285a0fe56bace7f45b5e7d1a6ebcbf524e8f3bd87eb0f125271b8831f"]
more-itertools = ["409cd48d4db7052af495b09dec721011634af3753ae1ef92d2b32f73a745f832", "92b8c4b06dac4f0611c0729b2f2ede52b2e1bac1ab48f089c7ddc12e26bb60c4"]
mypy = ["0107bff4f46a289f0e4081d59b77cef1c48ea43da5a0dbf0005d54748b26df2a", "07957f5471b3bb768c61f08690c96d8a09be0912185a27a68700f3ede99184e4", "10af62f87b6921eac50271e667cc234162a194e742d8e02fc4ddc121e129a5b0", "11fd60d2f69f0cefbe53ce551acf5b1cec1a89e7ce2d47b4e95a84eefb2899ae", "15e43d3b1546813669bd1a6ec7e6a11d2888db938e0607f7b5eef6b976671339", "352c24ba054a89bb9a35dd064ee95ab9b12903b56c72a8d3863d882e2632dc76", "437020a39417e85e22ea8edcb709612903a9924209e10b3ec6d8c9f05b79f498", "49925f9da7cee47eebf3420d7c0e00ec662ec6abb2780eb0a16260a7ba25f9c4", "6724fcd5777aa6cebfa7e644c526888c9d639bd22edd26b2a8038c674a7c34bd", "7a17613f7ea374ab64f39f03257f22b5755335b73251d0d253687a69029701ba", "cdc1151ced496ca1496272da7fc356580e95f2682be1d32377c22ddebdf73c91"]
mypy-extensions = ["37e0e956f41369209a3d5f34580150bcacfabaa57b33a15c0b25f4b5725e0812", "b16cabe759f55e3409a7d231ebd2841378fb0c27a5d1994719e340e4f429ac3e"]
packaging = ["a7ac867b97fdc07ee80a8058fe4435ccd274ecc3b0ed61d852d7d53055528cf9", "c491ca87294da7cc01902edbe30a5bc6c4c28172b5138ab4e4aa1b9d7bfaeafe"]
pluggy = ["0825a152ac059776623854c1543d65a4ad408eb3d33ee114dff91e57ec6ae6fc", "b9817417e95936bf75d85d3f8767f7df6cdde751fc40aed3bb3074cbcb77757c"]
py = ["64f65755aee5b381cea27766a3a147c3f15b9b6b9ac88676de66ba2ae36793fa", "dc639b046a6e2cff5bbe40194ad65936d6ba360b52b3c3fe1d08a82dd50b5e53"]
pyclipper = ["0b37d39bd9d4f330918de20c169e7d74108217a752533ec6ac54c6a8825adcec", "0d99acc5618faf8772164a3a067c1d1abd4513cf66b7b7a8d7adaa150a18376d", "4c4e9a643f6866f1ea4361b83a6a5c6a0d64e6a391a286e79b7f0844c2ae3c2a", "567947b8e31de852be32941872a72e843e679af8cf0826108be0a4c6108792a3", "623ab16641e4e408359420d615c6a395cb3da23a559a20e57402bebb216bd125", "6aa4bce5111e0bd2c50d452d940ddd87ef6c2632b2da6952fe2dec4f5e103173", "747bfd3e219d5f2c45e50d874ea6da4ae746b3a4601f28566fd29a6ab0966a7a", "78ebe32ccb6807bc8eac652ec9a7875dfa229e947b686a107acaf69259da3d8d", "7ecf2cc782ab3e3d33120aa3fc9da1bfd72155c6ad2ee358d14b81865dda2d65", "888e04d29717e9c47336c814094bd9523b3ec9ed371ce91dfa60636aae1de6f6", "8a8b6018d53fcce291f78dedca19994f82695eed3a2c9eff275691d4ed9aab51", "8bb79a30fd6078e589b39c164acd969d3f5f942a566b7e951c941f6d5c7106fe", "8f8ff492926c2d865bc58121bc15438e8698d8a9b7751b67892ef3516838d462", "abfb4c65937494bb5a3bb5fb3cf44cdb33ac88805effcd702afdb0d7bfb1803f", "acfbfe2a3e236a474100393661291681419ec89e74fb6a51db5325ddd280ab9a", "b03d1dcac192412a1f7125500dcd09baa0ccf9c27f1300870e80981907197583", "ba98f5472d6066386367a3e8d44c327b5438e746a7faf356e6b116338fe6492e", "bb89da8a321a9662330f18c1f8a88dd44966160e7a9e25c86ca16fbc1be31c0d", "bed37f2d2517e18976aa24477cce319fd48efa8fbafe9407101c599ba4a2b481", "c0fb993da9ef2ce62a9f62dcb14fff16f90bae57c073d8d4187072490eb41a68", "c964d5808aa5e44aae9500e70d3f08d5191edf6a355e183d8c6fb8f43dde77ad", "d6a2186a8a85121ee2732bd28c2243dd0451d8095d5e8426351b845fa409b974", "db6d0580bac8a642a31b0e07f220d3c94fe2dda39f559abc2d12713bff7dd3d0", "de693b6da86fbb69bf224bc89abfe479df205e827e20b4a431b03e37b2b5ee34", "e17d8d1adc834112ee8b092661da6231f7cfba9700297069c6b5bce71c07b9b4", "f064528ffb7486b1b2b21f833c729a63e5331e2e6073dfbc73b1d5e96a4d00a2", "f5e003f9ec3ced16691b7b0dbee39318aba3787ba85d01ef1f6627592c3ff75d", "fae29ba16ec075794c50242005be07fc3d5615b0cf3a86e2b60c1123446b574c"]
pylint = ["5d77031694a5fb97ea95e828c8d10fc770a1df6eb3906067aaed42201a8a6a09", "723e3db49555abaf9bf79dc474c6b9e2935ad82230b10c1138a71ea41ac0fff1"]
pyparsing = ["6f98a7b9397e206d78cc01df10131398f1c8b8510a2f4d97d9abd82e1aacdd80", "d9338df12903bbf5d65a0e4e87c2161968b10d2e489652bb47001d82a9b028b4"]
pytest = ["95b1f6db806e5b1b5b443efeb58984c24945508f93a866c1719e1a507a957d7c", "c3d5020755f70c82eceda3feaf556af9a341334414a8eca521a18f463bcead88"]
pytest-cov = ["2b097cde81a302e1047331b48cadacf23577e431b61e9c6f49a1170bbe3d3da6", "e00ea4fdde970725482f1f35630d12f074e121a23801aabf2ae154ec6bdd343a"]
six = ["3350809f0555b11f552448330d0b52d5f24c91a322ea4a15ef22629740f3761c", "d16a0141ec1a18405cd4ce8b4613101da75da0e9a7aec5bdd4fa804d0e0eba73"]
typed-ast = ["18511a0b3e7922276346bcb47e2ef9f38fb90fd31cb9223eed42c85d1312344e", "262c247a82d005e43b5b7f69aff746370538e176131c32dda9cb0f324d27141e", "2b907eb046d049bcd9892e3076c7a6456c93a25bebfe554e931620c90e6a25b0", "354c16e5babd09f5cb0ee000d54cfa38401d8b8891eefa878ac772f827181a3c", "4e0b70c6fc4d010f8107726af5fd37921b666f5b31d9331f0bd24ad9a088e631", "630968c5cdee51a11c05a30453f8cd65e0cc1d2ad0d9192819df9978984529f4", "66480f95b8167c9c5c5c87f32cf437d585937970f3fc24386f313a4c97b44e34", "71211d26ffd12d63a83e079ff258ac9d56a1376a25bc80b1cdcdf601b855b90b", "95bd11af7eafc16e829af2d3df510cecfd4387f6453355188342c3e79a2ec87a", "bc6c7d3fa1325a0c6613512a093bc2a2a15aeec350451cbdf9e1d4bffe3e3233", "cc34a6f5b426748a507dd5d1de4c1978f2eb5626d51326e43280941206c209e1", "d755f03c1e4a51e9b24d899561fec4ccaf51f210d52abdf8c07ee2849b212a36", "d7c45933b1bdfaf9f36c579671fec15d25b06c8398f113dab64c18ed1adda01d", "d896919306dd0aa22d0132f62a1b78d11aaf4c9fc5b3410d3c666b818191630a", "ffde2fbfad571af120fcbfbbc61c72469e72f550d676c3342492a9dfdefb8f12"]
typing = ["38566c558a0a94d6531012c8e917b1b8518a41e418f7f15f00e129cc80162ad3", "53765ec4f83a2b720214727e319607879fec4acde22c4fbb54fa2604e79e44ce", "84698954b4e6719e912ef9a42a2431407fe3755590831699debda6fba92aac55"]
typing-extensions = ["2ed632b30bb54fc3941c382decfd0ee4148f5c591651c9272473fea2c6397d95", "b1edbbf0652660e32ae780ac9433f4231e7339c7f9a8057d0f042fcbcea49b87", "d8179012ec2c620d3791ca6fe2bf7979d979acdbef1fca0bc56b37411db682ed"]
ufo2ft = ["224a37cc3a88f9c4a5194524e5d5814ddbf64da6134f251762082ed7e34bd92a", "e55ae7164d6da6d21d9c2efc8d95031edd752edd2b0c7df8cf215fd650feb216"]
ufolib2 = ["953636dca68b5653e67ca58546e091b263bd0a5b32421a0a2ebb7af7a54165af", "a9687aa713242ff3251fdb0dfa910605759958fab11822bedfc7a37977f6585c"]
wcwidth = ["3df37372226d6e63e1b1e1eda15c594bca98a22d33a23832a90998faa96bc65e", "f4ebe71925af7b40a864553f761ed559b43544f8f71746c2d756c7fe788ade7c"]
wrapt = ["565a021fd19419476b9362b05eeaa094178de64f8361e44468f9e9d7843901e1"]
zipp = ["4970c3758f4e89a7857a973b1e2a5d75bcdc47794442f2e2dd4fe8e0466e809a", "8a5712cfd3bb4248015eb3b0b3c54a5f6ee3f2425963ef2a0125b8bc40aafaec"]
